
Microsoft Visual Studio Solution File, Format Version 12.00
# Visual Studio Version 17
VisualStudioVersion = 17.6.33815.320
MinimumVisualStudioVersion = 10.0.40219.1
Project("{FAE04EC0-301F-11D3-BF4B-00C04F79EFBC}") = "Phase3Section2.20_GenericClass", "Phase3Section2.20_GenericClass\Phase3Section2.20_GenericClass.csproj", "{22F18C86-51B1-4244-87D2-C23C79E9E196}"
EndProject
Global
	GlobalSection(SolutionConfigurationPlatforms) = preSolution
		Debug|Any CPU = Debug|Any CPU
		Release|Any CPU = Release|Any CPU
	EndGlobalSection
	GlobalSection(ProjectConfigurationPlatforms) = postSolution
		{22F18C86-51B1-4244-87D2-C23C79E9E196}.Debug|Any CPU.ActiveCfg = Debug|Any CPU
		{22F18C86-51B1-4244-87D2-C23C79E9E196}.Debug|Any CPU.Build.0 = Debug|Any CPU
		{22F18C86-51B1-4244-87D2-C23C79E9E196}.Release|Any CPU.ActiveCfg = Release|Any CPU
		{22F18C86-51B1-4244-87D2-C23C79E9E196}.Release|Any CPU.Build.0 = Release|Any CPU
	EndGlobalSection
	GlobalSection(SolutionProperties) = preSolution
		HideSolutionNode = FALSE
	EndGlobalSection
	GlobalSection(ExtensibilityGlobals) = postSolution
		SolutionGuid = {CA798D81-D455-447C-B3D5-636CB28F72A4}
	EndGlobalSection
EndGlobal
